
Microsoft Visual Studio Solution File, Format Version 12.00
# Visual Studio Version 17
VisualStudioVersion = 17.0.31919.166
MinimumVisualStudioVersion = 10.0.40219.1
Project("{8BC9CEB8-8B4A-11D0-8D11-00A0C91BC942}") = "Topology_API", "Topology_API.vcxproj", "{0F92908F-0869-4A3E-A08A-3A787B37DEE0}"
EndProject
Global
	GlobalSection(SolutionConfigurationPlatforms) = preSolution
		Debug|x64 = Debug|x64
		Debug|x86 = Debug|x86
		Release|x64 = Release|x64
		Release|x86 = Release|x86
	EndGlobalSection
	GlobalSection(ProjectConfigurationPlatforms) = postSolution
		{0F92908F-0869-4A3E-A08A-3A787B37DEE0}.Debug|x64.ActiveCfg = Debug|x64
		{0F92908F-0869-4A3E-A08A-3A787B37DEE0}.Debug|x64.Build.0 = Debug|x64
		{0F92908F-0869-4A3E-A08A-3A787B37DEE0}.Debug|x86.ActiveCfg = Debug|Win32
		{0F92908F-0869-4A3E-A08A-3A787B37DEE0}.Debug|x86.Build.0 = Debug|Win32
		{0F92908F-0869-4A3E-A08A-3A787B37DEE0}.Release|x64.ActiveCfg = Release|x64
		{0F92908F-0869-4A3E-A08A-3A787B37DEE0}.Release|x64.Build.0 = Release|x64
		{0F92908F-0869-4A3E-A08A-3A787B37DEE0}.Release|x86.ActiveCfg = Release|Win32
		{0F92908F-0869-4A3E-A08A-3A787B37DEE0}.Release|x86.Build.0 = Release|Win32
	EndGlobalSection
	GlobalSection(SolutionProperties) = preSolution
		HideSolutionNode = FALSE
	EndGlobalSection
	GlobalSection(ExtensibilityGlobals) = postSolution
		SolutionGuid = {E5430102-312C-4056-8F5B-39024E89C61E}
	EndGlobalSection
EndGlobal
